# THIS IS AN AUTOGENERATED FILE. DO NOT EDIT THIS FILE DIRECTLY.
# yarn lockfile v1


"@cspotcode/source-map-consumer@0.8.0":
  version "0.8.0"
  resolved "https://registry.yarnpkg.com/@cspotcode/source-map-consumer/-/source-map-consumer-0.8.0.tgz#33bf4b7b39c178821606f669bbc447a6a629786b"
  integrity sha512-41qniHzTU8yAGbCp04ohlmSrZf8bkf/iJsl3V0dRGsQN/5GFfx+LbCSsCpp2gqrqjTVg/K6O8ycoV35JIwAzAg==

"@cspotcode/source-map-support@0.7.0":
  version "0.7.0"
  resolved "https://registry.yarnpkg.com/@cspotcode/source-map-support/-/source-map-support-0.7.0.tgz#4789840aa859e46d2f3173727ab707c66bf344f5"
  integrity sha512-X4xqRHqN8ACt2aHVe51OxeA2HjbcL4MqFqXkrmQszJ1NOUuUu5u6Vqx/0lZSVNku7velL5FC/s5uEAj1lsBMhA==
  dependencies:
    "@cspotcode/source-map-consumer" "0.8.0"

"@tinyhttp/accepts@2.0.6":
  version "2.0.6"
  resolved "https://registry.yarnpkg.com/@tinyhttp/accepts/-/accepts-2.0.6.tgz#cc9e2c11a5aead15fd93d25632494a2299cf1c41"
  integrity sha512-oAdgnGIzYL0J1LPOThdREMACUA0TxhTonctiEmRMEVosCXurpDS5RATuBroQ5rWPxMuSv+ussur7bErHFUxeGw==
  dependencies:
    es-mime-types "^0.1.4"
    negotiator "^0.6.2"

"@tinyhttp/app@^2.0.22":
  version "2.0.22"
  resolved "https://registry.yarnpkg.com/@tinyhttp/app/-/app-2.0.22.tgz#33510fdf7515be720fe6533bc084c13e66bbceba"
  integrity sha512-OMFrQYRVi2bKUdPB63wkKUtBaNVTF3VCkvFS9sqUCs3SCAr9ZsT0zxM846M1nGeOx1KU4HTeXk9480qGYybOAQ==
  dependencies:
    "@tinyhttp/cookie" "2.0.4"
    "@tinyhttp/proxy-addr" "2.0.4"
    "@tinyhttp/req" "2.0.13"
    "@tinyhttp/res" "2.0.17"
    "@tinyhttp/router" "2.0.5"
    header-range-parser "1.1.3"
    regexparam "^2.0.0"

"@tinyhttp/content-disposition@2.0.6":
  version "2.0.6"
  resolved "https://registry.yarnpkg.com/@tinyhttp/content-disposition/-/content-disposition-2.0.6.tgz#be6e353ceae66eddfd01df1eb641a41455425672"
  integrity sha512-Xd3IW1Qh1voaWaf7rCx+jiq7S9AOpKo4kQduS5gdh7Nt3+ZfNhG5E4GBJlQnyHWD5/LRZa84U7X34Xdrto0IVQ==

"@tinyhttp/cookie-signature@2.0.4":
  version "2.0.4"
  resolved "https://registry.yarnpkg.com/@tinyhttp/cookie-signature/-/cookie-signature-2.0.4.tgz#3ee4ec2316e57ad8bcd0a8be1515dff01bbff04c"
  integrity sha512-QpldoF+4XIFbaNWSm2boKXh1O3AXPSZZYkma+B8JWG+HN37rp/6SRj9renqWpU/LNj7Qshar3DRevg3YPwHpiQ==

"@tinyhttp/cookie@2.0.4":
  version "2.0.4"
  resolved "https://registry.yarnpkg.com/@tinyhttp/cookie/-/cookie-2.0.4.tgz#204eedd8a33a29aa30607a0e8c233eaf3ebc6b7e"
  integrity sha512-CqapJxVwoepY2r0XSDnDhZeV7aQhR1P+RiVFj3zg7w0doNepUmGcgnrSFYMuxYbd7SG0RtJ6skVG0s+9S0SUag==

"@tinyhttp/cors@^2.0.0":
  version "2.0.0"
  resolved "https://registry.yarnpkg.com/@tinyhttp/cors/-/cors-2.0.0.tgz#596047e5603335ca42be1b0318f7b58d30090413"
  integrity sha512-IwQsPBnK+gRrhTsPA4FPOfbNzZZt8cVsOIMNFb6HzoScaiWcoLEogL0Bz/aBSm8KM13uieVXoVT6udMqhqUS2A==
  dependencies:
    es-vary "^0.1.1"

"@tinyhttp/encode-url@2.0.5":
  version "2.0.5"
  resolved "https://registry.yarnpkg.com/@tinyhttp/encode-url/-/encode-url-2.0.5.tgz#aa0c04e5e7dc9cdf9c49618aaa9fd4559efdb2f5"
  integrity sha512-j0CHNTUB7hI5QTcRo5TXG6A4BrthuLE/p1qDOh2plGd21WTPMtMlq0MmfUJcelAxcQD3FIBt0TZBSepGzpdFww==

"@tinyhttp/etag@2.0.4":
  version "2.0.4"
  resolved "https://registry.yarnpkg.com/@tinyhttp/etag/-/etag-2.0.4.tgz#f89ad0b9d88e2d3c6dd00c288edfbbcfab4c61a2"
  integrity sha512-GqotnzpLdpvKNLGzKsmC2qqG0E4j4CosiVKcFXKPj7PvnJ5XCMbwCtRuCu0cTRjqrWIKUuBWFSNgc/aLCHuYrg==

"@tinyhttp/forwarded@2.0.4":
  version "2.0.4"
  resolved "https://registry.yarnpkg.com/@tinyhttp/forwarded/-/forwarded-2.0.4.tgz#e5c35a949c601c8aa0afb440fc2618f1b68646ae"
  integrity sha512-HRSLYirUdjV2wr0neR4M1nxsO9inz4fheMjdqGYUDkw+axLxtNDreAXuSCDcWku43ovcM0Pbuj35Jrm0NKVYBw==

"@tinyhttp/proxy-addr@2.0.4":
  version "2.0.4"
  resolved "https://registry.yarnpkg.com/@tinyhttp/proxy-addr/-/proxy-addr-2.0.4.tgz#9ff2f3b6a4564b213e0b4b41c2849fc25892ed8b"
  integrity sha512-PSPF2JplFrWjlizrn+7eQKBQrK2v7rk3wvPkUriKZuo5On2NDIOuM82eDsvg2X7yqYAK+/rRqq1BZHvS5oBong==
  dependencies:
    "@tinyhttp/forwarded" "2.0.4"
    ipaddr.js "^2.0.1"

"@tinyhttp/req@2.0.13":
  version "2.0.13"
  resolved "https://registry.yarnpkg.com/@tinyhttp/req/-/req-2.0.13.tgz#a8c876beba9c7d492c05b927d29495a22b340cd4"
  integrity sha512-vRyRqHUwABynXnNBGAgHBT2VZ+zDIjhmzLEtW1F23qgxmbhc7PhOR/9sPo/jdSLgpY2yxMbWqDyMR1Lka++JZw==
  dependencies:
    "@tinyhttp/accepts" "2.0.6"
    "@tinyhttp/type-is" "2.0.5"
    "@tinyhttp/url" "2.0.6"
    es-fresh "^0.0.10"
    header-range-parser "^1.1.3"

"@tinyhttp/res@2.0.17":
  version "2.0.17"
  resolved "https://registry.yarnpkg.com/@tinyhttp/res/-/res-2.0.17.tgz#e705bd3a6222fa3b4d04f7b26bc19517acde98ca"
  integrity sha512-gMOwCPNk6w5IvO9HcP+CuGQ1xGxbL26EuUytZ6mdJP2KHl2TT4nuNkJkGnaMLiKTlOGnX/+5h+HgKlqStQyzeA==
  dependencies:
    "@tinyhttp/content-disposition" "2.0.6"
    "@tinyhttp/cookie" "2.0.4"
    "@tinyhttp/cookie-signature" "2.0.4"
    "@tinyhttp/encode-url" "2.0.5"
    "@tinyhttp/req" "2.0.13"
    "@tinyhttp/send" "2.0.5"
    es-escape-html "^0.1.1"
    es-mime-types "^0.1.4"
    es-vary "^0.1.1"

"@tinyhttp/router@2.0.5":
  version "2.0.5"
  resolved "https://registry.yarnpkg.com/@tinyhttp/router/-/router-2.0.5.tgz#fb726519a3a02cb9396c2d1f1358fc4dd9c484f9"
  integrity sha512-1YWmq61aae3fcZfqUMNSj1soCpdoPP8SDbfwsDy8RgZRG/OtNeifCmTN5+ukvxuSzGAuHBmn/c0qTQ3ECwMFrQ==

"@tinyhttp/send@2.0.5":
  version "2.0.5"
  resolved "https://registry.yarnpkg.com/@tinyhttp/send/-/send-2.0.5.tgz#8cffbd41be9b3115f0f719df8622ab5c3035194a"
  integrity sha512-rVAa6bwPj03/npjwNO8xKDuoLE6qF4lN8QGinezznoDwjKtH3B+QwC14BFb65BXAAMajpgST4x3AKdb4khRqAw==
  dependencies:
    "@tinyhttp/etag" "2.0.4"
    es-content-type "^0.1.0"
    es-mime-types "^0.1.4"

"@tinyhttp/type-is@2.0.5":
  version "2.0.5"
  resolved "https://registry.yarnpkg.com/@tinyhttp/type-is/-/type-is-2.0.5.tgz#0871750e5e1c76649989def4a88d476b49d101ac"
  integrity sha512-X8CPx6iDkjZ51TN1uurpLdzv1jaOiW1ZlBpla2skZu+/pCMDZ8tQnyfbibYYM6hi0IPAnL+YXv4pDTIgFcbL7g==
  dependencies:
    es-content-type "^0.1.0"
    es-mime-types "^0.1.4"

"@tinyhttp/url@2.0.6":
  version "2.0.6"
  resolved "https://registry.yarnpkg.com/@tinyhttp/url/-/url-2.0.6.tgz#91ae5bdd433f9abd8abafbef5c58be8110ab72f5"
  integrity sha512-NIWvR4NjcoUqWFkHZqfWmrncCIyxOwErn1bKfZVgV6xJLI5MUwAgL8B2ziU8W9ghVKiTh5dJU4p9lZVL550M5w==

"@tsconfig/node10@^1.0.7":
  version "1.0.8"
  resolved "https://registry.yarnpkg.com/@tsconfig/node10/-/node10-1.0.8.tgz#c1e4e80d6f964fbecb3359c43bd48b40f7cadad9"
  integrity sha512-6XFfSQmMgq0CFLY1MslA/CPUfhIL919M1rMsa5lP2P097N2Wd1sSX0tx1u4olM16fLNhtHZpRhedZJphNJqmZg==

"@tsconfig/node12@^1.0.7":
  version "1.0.9"
  resolved "https://registry.yarnpkg.com/@tsconfig/node12/-/node12-1.0.9.tgz#62c1f6dee2ebd9aead80dc3afa56810e58e1a04c"
  integrity sha512-/yBMcem+fbvhSREH+s14YJi18sp7J9jpuhYByADT2rypfajMZZN4WQ6zBGgBKp53NKmqI36wFYDb3yaMPurITw==

"@tsconfig/node14@^1.0.0":
  version "1.0.1"
  resolved "https://registry.yarnpkg.com/@tsconfig/node14/-/node14-1.0.1.tgz#95f2d167ffb9b8d2068b0b235302fafd4df711f2"
  integrity sha512-509r2+yARFfHHE7T6Puu2jjkoycftovhXRqW328PDXTVGKihlb1P8Z9mMZH04ebyajfRY7dedfGynlrFHJUQCg==

"@tsconfig/node16@^1.0.2":
  version "1.0.2"
  resolved "https://registry.yarnpkg.com/@tsconfig/node16/-/node16-1.0.2.tgz#423c77877d0569db20e1fc80885ac4118314010e"
  integrity sha512-eZxlbI8GZscaGS7kkc/trHTT5xgrjH3/1n2JDwusC9iahPKWMRvRjJSAN5mCXviuTGQ/lHnhvv8Q1YTpnfz9gA==

"@types/node@^17.0.22":
  version "17.0.22"
  resolved "https://registry.yarnpkg.com/@types/node/-/node-17.0.22.tgz#38b6c4b9b2f3ed9f2e376cce42a298fb2375251e"
  integrity sha512-8FwbVoG4fy+ykY86XCAclKZDORttqE5/s7dyWZKLXTdv3vRy5HozBEinG5IqhvPXXzIZEcTVbuHlQEI6iuwcmw==

abbrev@1:
  version "1.1.1"
  resolved "https://registry.yarnpkg.com/abbrev/-/abbrev-1.1.1.tgz#f8f2c887ad10bf67f634f005b6987fed3179aac8"
  integrity sha512-nne9/IiQ/hzIhY6pdDnbBtz7DjPTKrY00P/zvPSm5pOFkl6xuGrGnXn/VtTNNfNtAfZ9/1RtehkszU9qcTii0Q==

acorn-walk@^8.1.1:
  version "8.2.0"
  resolved "https://registry.yarnpkg.com/acorn-walk/-/acorn-walk-8.2.0.tgz#741210f2e2426454508853a2f44d0ab83b7f69c1"
  integrity sha512-k+iyHEuPgSw6SbuDpGQM+06HQUa04DZ3o+F6CSzXMvvI5KMvnaEqXe+YVe555R9nn6GPt404fos4wcgpw12SDA==

acorn@^8.4.1:
  version "8.7.0"
  resolved "https://registry.yarnpkg.com/acorn/-/acorn-8.7.0.tgz#90951fde0f8f09df93549481e5fc141445b791cf"
  integrity sha512-V/LGr1APy+PXIwKebEWrkZPwoeoF+w1jiOBUmuxuiUIaOHtob8Qc9BTrYo7VuI5fR8tqsy+buA2WFooR5olqvQ==

anymatch@~3.1.2:
  version "3.1.2"
  resolved "https://registry.yarnpkg.com/anymatch/-/anymatch-3.1.2.tgz#c0557c096af32f106198f4f4e2a383537e378716"
  integrity sha512-P43ePfOAIupkguHUycrc4qJ9kz8ZiuOUijaETwX7THt0Y/GNK7v0aa8rY816xWjZ7rJdA5XdMcpVFTKMq+RvWg==
  dependencies:
    normalize-path "^3.0.0"
    picomatch "^2.0.4"

arg@^4.1.0:
  version "4.1.3"
  resolved "https://registry.yarnpkg.com/arg/-/arg-4.1.3.tgz#269fc7ad5b8e42cb63c896d5666017261c144089"
  integrity sha512-58S9QDqG0Xx27YwPSt9fJxivjYl432YCwfDMfZ+71RAqUrZef7LrKQZ3LHLOwCS4FLNBplP533Zx895SeOCHvA==

assert-plus@^1.0.0:
  version "1.0.0"
  resolved "https://registry.yarnpkg.com/assert-plus/-/assert-plus-1.0.0.tgz#f12e0f3c5d77b0b1cdd9146942e4e96c1e4dd525"
  integrity sha512-NfJ4UzBCcQGLDlQq7nHxH+tv3kyZ0hHQqF5BO6J7tNJeP5do1llPr8dZ8zHonfhAu0PHAdMkSo+8o0wxg9lZWw==

balanced-match@^1.0.0:
  version "1.0.2"
  resolved "https://registry.yarnpkg.com/balanced-match/-/balanced-match-1.0.2.tgz#e83e3a7e3f300b34cb9d87f615fa0cbf357690ee"
  integrity sha512-3oSeUO0TMV67hN1AmbXsK4yaqU7tjiHlbxRDZOpH0KW9+CeX4bRAaX0Anxt0tx2MrpRpWwQaPwIlISEJhYU5Pw==

binary-extensions@^2.0.0:
  version "2.2.0"
  resolved "https://registry.yarnpkg.com/binary-extensions/-/binary-extensions-2.2.0.tgz#75f502eeaf9ffde42fc98829645be4ea76bd9e2d"
  integrity sha512-jDctJ/IVQbZoJykoeHbhXpOlNBqGNcwXJKJog42E5HDPUwQTSdjCHdihjj0DlnheQ7blbT6dHOafNAiS8ooQKA==

boolbase@^1.0.0:
  version "1.0.0"
  resolved "https://registry.yarnpkg.com/boolbase/-/boolbase-1.0.0.tgz#68dff5fbe60c51eb37725ea9e3ed310dcc1e776e"
  integrity sha1-aN/1++YMUes3cl6p4+0xDcwed24=

brace-expansion@^1.1.7:
  version "1.1.11"
  resolved "https://registry.yarnpkg.com/brace-expansion/-/brace-expansion-1.1.11.tgz#3c7fcbf529d87226f3d2f52b966ff5271eb441dd"
  integrity sha512-iCuPHDFgrHX7H2vEI/5xpz07zSHB00TpugqhmYtVmMO6518mCuRMoOYFldEBl0g187ufozdaHgWKcYFb61qGiA==
  dependencies:
    balanced-match "^1.0.0"
    concat-map "0.0.1"

braces@~3.0.2:
  version "3.0.2"
  resolved "https://registry.yarnpkg.com/braces/-/braces-3.0.2.tgz#3454e1a462ee8d599e236df336cd9ea4f8afe107"
  integrity sha512-b8um+L1RzM3WDSzvhm6gIz1yfTbBt6YTlcEKAvsmqCZZFw46z626lVj9j1yEPW33H5H+lBQpZMP1k8l+78Ha0A==
  dependencies:
    fill-range "^7.0.1"

chokidar@^3.5.2:
  version "3.5.3"
  resolved "https://registry.yarnpkg.com/chokidar/-/chokidar-3.5.3.tgz#1cf37c8707b932bd1af1ae22c0432e2acd1903bd"
  integrity sha512-Dr3sfKRP6oTcjf2JmUmFJfeVMvXBdegxB0iVQ5eb2V10uFJUCAS8OByZdVAyVb8xXNz3GjjTgj9kLWsZTqE6kw==
  dependencies:
    anymatch "~3.1.2"
    braces "~3.0.2"
    glob-parent "~5.1.2"
    is-binary-path "~2.1.0"
    is-glob "~4.0.1"
    normalize-path "~3.0.0"
    readdirp "~3.6.0"
  optionalDependencies:
    fsevents "~2.3.2"

concat-map@0.0.1:
  version "0.0.1"
  resolved "https://registry.yarnpkg.com/concat-map/-/concat-map-0.0.1.tgz#d8a96bd77fd68df7793a73036a3ba0d5405d477b"
  integrity sha512-/Srv4dswyQNBfohGpz9o6Yb3Gz3SrUDqBH5rTuhGR7ahtlbYKnVxw2bCFMRljaA7EXHaXZ8wsHdodFvbkhKmqg==

core-util-is@1.0.2:
  version "1.0.2"
  resolved "https://registry.yarnpkg.com/core-util-is/-/core-util-is-1.0.2.tgz#b5fd54220aa2bc5ab57aab7140c940754503c1a7"
  integrity sha512-3lqz5YjWTYnW6dlDa5TLaTCcShfar1e40rmcJVwCBJC6mWlFuj0eCHIElmG1g5kyuJ/GD+8Wn4FFCcz4gJPfaQ==

create-require@^1.1.0:
  version "1.1.1"
  resolved "https://registry.yarnpkg.com/create-require/-/create-require-1.1.1.tgz#c1d7e8f1e5f6cfc9ff65f9cd352d37348756c333"
  integrity sha512-dcKFX3jn0MpIaXjisoRvexIJVEKzaq7z2rZKxf+MSr9TkdmHmsU4m2lcLojrj/FHl8mk5VxMmYA+ftRkP/3oKQ==

css-select@^4.1.3:
  version "4.1.3"
  resolved "https://registry.yarnpkg.com/css-select/-/css-select-4.1.3.tgz#a70440f70317f2669118ad74ff105e65849c7067"
  integrity sha512-gT3wBNd9Nj49rAbmtFHj1cljIAOLYSX1nZ8CB7TBO3INYckygm5B7LISU/szY//YmdiSLbJvDLOx9VnMVpMBxA==
  dependencies:
    boolbase "^1.0.0"
    css-what "^5.0.0"
    domhandler "^4.2.0"
    domutils "^2.6.0"
    nth-check "^2.0.0"

css-what@^5.0.0:
  version "5.0.1"
  resolved "https://registry.yarnpkg.com/css-what/-/css-what-5.0.1.tgz#3efa820131f4669a8ac2408f9c32e7c7de9f4cad"
  integrity sha512-FYDTSHb/7KXsWICVsxdmiExPjCfRC4qRFBdVwv7Ax9hMnvMmEjP9RfxTEZ3qPZGmADDn2vAKSo9UcN1jKVYscg==

data-uri-to-buffer@^4.0.0:
  version "4.0.0"
  resolved "https://registry.yarnpkg.com/data-uri-to-buffer/-/data-uri-to-buffer-4.0.0.tgz#b5db46aea50f6176428ac05b73be39a57701a64b"
  integrity sha512-Vr3mLBA8qWmcuschSLAOogKgQ/Jwxulv3RNE4FXnYWRGujzrRWQI4m12fQqRkwX06C0KanhLr4hK+GydchZsaA==

debug@^3.2.7:
  version "3.2.7"
  resolved "https://registry.yarnpkg.com/debug/-/debug-3.2.7.tgz#72580b7e9145fb39b6676f9c5e5fb100b934179a"
  integrity sha512-CFjzYYAi4ThfiQvizrFQevTTXHtnCqWfe7x1AhgEscTz6ZbLbfoLRLPugTQyBth6f8ZERVUSyWHFD/7Wu4t1XQ==
  dependencies:
    ms "^2.1.1"

debug@~2.6.9:
  version "2.6.9"
  resolved "https://registry.yarnpkg.com/debug/-/debug-2.6.9.tgz#5d128515df134ff327e90a4c93f4e077a536341f"
  integrity sha512-bC7ElrdJaJnPbAP+1EotYvqZsb3ecl5wi6Bfi6BJTUcNowp6cvspg0jXznRTKDjm/E7AdgFBVeAPVMNcKGsHMA==
  dependencies:
    ms "2.0.0"

debug@~4.1.0:
  version "4.1.1"
  resolved "https://registry.yarnpkg.com/debug/-/debug-4.1.1.tgz#3b72260255109c6b589cee050f1d516139664791"
  integrity sha512-pYAIzeRo8J6KPEaJ0VWOh5Pzkbw/RetuzehGM7QRRX5he4fPHx2rdKMB256ehJCkX+XRQm16eZLqLNS8RSZXZw==
  dependencies:
    ms "^2.1.1"

diff@^4.0.1:
  version "4.0.2"
  resolved "https://registry.yarnpkg.com/diff/-/diff-4.0.2.tgz#60f3aecb89d5fae520c11aa19efc2bb982aade7d"
  integrity sha512-58lmxKSA4BNyLz+HHMUzlOEpg09FV+ev6ZMe3vJihgdxzgcwZ8VoEEPmALCZG9LmqfVoNMMKpttIYTVG6uDY7A==

dom-serializer@^1.0.1:
  version "1.3.2"
  resolved "https://registry.yarnpkg.com/dom-serializer/-/dom-serializer-1.3.2.tgz#6206437d32ceefaec7161803230c7a20bc1b4d91"
  integrity sha512-5c54Bk5Dw4qAxNOI1pFEizPSjVsx5+bpJKmL2kPn8JhBUq2q09tTCa3mjijun2NfK78NMouDYNMBkOrPZiS+ig==
  dependencies:
    domelementtype "^2.0.1"
    domhandler "^4.2.0"
    entities "^2.0.0"

domelementtype@^2.0.1, domelementtype@^2.2.0:
  version "2.2.0"
  resolved "https://registry.yarnpkg.com/domelementtype/-/domelementtype-2.2.0.tgz#9a0b6c2782ed6a1c7323d42267183df9bd8b1d57"
  integrity sha512-DtBMo82pv1dFtUmHyr48beiuq792Sxohr+8Hm9zoxklYPfa6n0Z3Byjj2IV7bmr2IyqClnqEQhfgHJJ5QF0R5A==

domhandler@^4.2.0:
  version "4.2.2"
  resolved "https://registry.yarnpkg.com/domhandler/-/domhandler-4.2.2.tgz#e825d721d19a86b8c201a35264e226c678ee755f"
  integrity sha512-PzE9aBMsdZO8TK4BnuJwH0QT41wgMbRzuZrHUcpYncEjmQazq8QEaBWgLG7ZyC/DAZKEgglpIA6j4Qn/HmxS3w==
  dependencies:
    domelementtype "^2.2.0"

domutils@^2.6.0:
  version "2.8.0"
  resolved "https://registry.yarnpkg.com/domutils/-/domutils-2.8.0.tgz#4437def5db6e2d1f5d6ee859bd95ca7d02048135"
  integrity sha512-w96Cjofp72M5IIhpjgobBimYEfoPjx1Vx0BSX9P30WBdZW2WIKU0T1Bd0kz2eNZ9ikjKgHbEyKx8BB6H1L3h3A==
  dependencies:
    dom-serializer "^1.0.1"
    domelementtype "^2.2.0"
    domhandler "^4.2.0"

ee-first@1.1.1:
  version "1.1.1"
  resolved "https://registry.yarnpkg.com/ee-first/-/ee-first-1.1.1.tgz#590c61156b0ae2f4f0255732a158b266bc56b21d"
  integrity sha512-WMwm9LhRUo+WUaRN+vRuETqG89IgZphVSNkdFgeb6sS/E4OrDIN7t48CAewSHXc6C8lefD8KKfr5vY61brQlow==

entities@^2.0.0:
  version "2.2.0"
  resolved "https://registry.yarnpkg.com/entities/-/entities-2.2.0.tgz#098dc90ebb83d8dffa089d55256b351d34c4da55"
  integrity sha512-p92if5Nz619I0w+akJrLZH0MX0Pb5DX39XOwQTtXSdQQOaYH03S1uIQp4mhOZtAXrxq4ViO67YTiLBo2638o9A==

es-content-type@^0.1.0:
  version "0.1.0"
  resolved "https://registry.yarnpkg.com/es-content-type/-/es-content-type-0.1.0.tgz#711efbc3c6c1c58c83ca808f6a0fec56d11bc3c8"
  integrity sha512-DqWU9pSzhNlO10q+NQ/KebImLkKbwbcy0pSv3hNQfEpKFHsrqDJz2vajpZdq7nkiG9DoJcTh22oHGymp7XJd9g==

es-escape-html@^0.1.1:
  version "0.1.1"
  resolved "https://registry.yarnpkg.com/es-escape-html/-/es-escape-html-0.1.1.tgz#9a582d49754ec6204524952c76a383fe5f03c1c0"
  integrity sha512-yUx1o+8RsG7UlszmYPtks+dm6Lho2m8lgHMOsLJQsFI0R8XwUJwiMhM1M4E/S8QLeGyf6MkDV/pWgjQ0tdTSyQ==

es-fresh@^0.0.10:
  version "0.0.10"
  resolved "https://registry.yarnpkg.com/es-fresh/-/es-fresh-0.0.10.tgz#c746507680980d5894c9bce017da8ff8fe98e2e6"
  integrity sha512-/e5etUqtxj7JktALldpsDNC84DOHavN9PqojnTTGeX1M2/Q4/SF8d55d7AsB3n66WYS43hdBbn0sAllto5kSIg==

es-mime-types@^0.1.4:
  version "0.1.4"
  resolved "https://registry.yarnpkg.com/es-mime-types/-/es-mime-types-0.1.4.tgz#a88584e7fc9b589c289f125663d8e2f8d72d7df0"
  integrity sha512-rUrmfrUIHU/4ykYB+YH80LDiSpmn6sE/A9E8EsFZP4LCtf/PH+ju6d6goFJ8fsGf81pRtQn1cJSmp8JGA9YkfQ==
  dependencies:
    mime-db "^1.50.0"

es-vary@^0.1.1:
  version "0.1.2"
  resolved "https://registry.yarnpkg.com/es-vary/-/es-vary-0.1.2.tgz#d02940618962e2ffbdde9eedb876bec4c9e06f6c"
  integrity sha512-pLqqZoOutAXQXyBJrUYVNM5fZngiOJYi1Xl4svQMrluTsqDUOQlBMw9EYgLrsWL6niDYn/Yd1y2Pj6GC+j/yjA==

expeditious-engine-memory@~0.2.0:
  version "0.2.1"
  resolved "https://registry.yarnpkg.com/expeditious-engine-memory/-/expeditious-engine-memory-0.2.1.tgz#ce1d9cbdf2df9a7db91cd91913c28ba537965d11"
  integrity sha512-TUpup+305EYtjorB04DWQd9tTBZQT1PQrYXlxUQxlaFXEwTS30j0oy1jPBwXXLd62ljgIr8DjZOJcPxm4+QSsg==
  dependencies:
    expeditious "~1.0.0"

expeditious@~1.0.0, expeditious@~1.0.1:
  version "1.0.1"
  resolved "https://registry.yarnpkg.com/expeditious/-/expeditious-1.0.1.tgz#995b7ac76741a66029891449d5867bccc338b30f"
  integrity sha512-7vClEOl3Sbwm9vYKO4xrw/t18U58NNmc6pfKaGpFWtzsMt8m+pI5fA0tIHRSOilZgUcgcTguv0rgphxN+nxyZg==
  dependencies:
    debug "~2.6.9"
    safejson "~1.0.1"
    verror "~1.6.1"

express-expeditious@^5.1.1:
  version "5.1.1"
  resolved "https://registry.yarnpkg.com/express-expeditious/-/express-expeditious-5.1.1.tgz#124414564733e5533fe0ea755e7fa968e3ee5280"
  integrity sha512-4akMwHm8TVRYzm/HQ520fJxqT1NIEb0J+CNzJ18l1kXt0GSnIHsRt2WpoI+8jdD/g3tf/Ggz+vbW6rwronJdvA==
  dependencies:
    debug "~4.1.0"
    expeditious "~1.0.1"
    expeditious-engine-memory "~0.2.0"
    on-finished "~2.3.0"
    timestring "~5.0.0"
    verror "~1.10.0"

extsprintf@1.2.0:
  version "1.2.0"
  resolved "https://registry.yarnpkg.com/extsprintf/-/extsprintf-1.2.0.tgz#5ad946c22f5b32ba7f8cd7426711c6e8a3fc2529"
  integrity sha512-T3PYC6HucmF4OfunfZb5d1nRvTSvWYhsr/Og33HANcCuCtGPUtWVyt/tTs8SU9sR0SGh5Z/xQCuX/D72ph2H+A==

extsprintf@^1.2.0:
  version "1.4.1"
  resolved "https://registry.yarnpkg.com/extsprintf/-/extsprintf-1.4.1.tgz#8d172c064867f235c0c84a596806d279bf4bcc07"
  integrity sha512-Wrk35e8ydCKDj/ArClo1VrPVmN8zph5V4AtHwIuHhvMXsKf73UT3BOD+azBIW+3wOJ4FhEH7zyaJCFvChjYvMA==

fetch-blob@^3.1.2, fetch-blob@^3.1.4:
  version "3.2.0"
  resolved "https://registry.yarnpkg.com/fetch-blob/-/fetch-blob-3.2.0.tgz#f09b8d4bbd45adc6f0c20b7e787e793e309dcce9"
  integrity sha512-7yAQpD2UMJzLi1Dqv7qFYnPbaPx7ZfFK6PiIxQ4PfkGPyNyl2Ugx+a/umUonmKqjhM4DnfbMvdX6otXq83soQQ==
  dependencies:
    node-domexception "^1.0.0"
    web-streams-polyfill "^3.0.3"

fill-range@^7.0.1:
  version "7.0.1"
  resolved "https://registry.yarnpkg.com/fill-range/-/fill-range-7.0.1.tgz#1919a6a7c75fe38b2c7c77e5198535da9acdda40"
  integrity sha512-qOo9F+dMUmC2Lcb4BbVvnKJxTPjCm+RRpe4gDuGrzkL7mEVl/djYSu2OdQ2Pa302N4oqkSg9ir6jaLWJ2USVpQ==
  dependencies:
    to-regex-range "^5.0.1"

formdata-polyfill@^4.0.10:
  version "4.0.10"
  resolved "https://registry.yarnpkg.com/formdata-polyfill/-/formdata-polyfill-4.0.10.tgz#24807c31c9d402e002ab3d8c720144ceb8848423"
  integrity sha512-buewHzMvYL29jdeQTVILecSaZKnt/RJWjoZCF5OW60Z67/GmSLBkOFM7qh1PI3zFNtJbaZL5eQu1vLfazOwj4g==
  dependencies:
    fetch-blob "^3.1.2"

fsevents@~2.3.2:
  version "2.3.2"
  resolved "https://registry.yarnpkg.com/fsevents/-/fsevents-2.3.2.tgz#8a526f78b8fdf4623b709e0b975c52c24c02fd1a"
  integrity sha512-xiqMQR4xAeHTuB9uWm+fFRcIOgKBMiOBP+eXiyT7jsgVCq1bkVygt00oASowB7EdtpOHaaPgKt812P9ab+DDKA==

glob-parent@~5.1.2:
  version "5.1.2"
  resolved "https://registry.yarnpkg.com/glob-parent/-/glob-parent-5.1.2.tgz#869832c58034fe68a4093c17dc15e8340d8401c4"
  integrity sha512-AOIgSQCepiJYwP3ARnGx+5VnTu2HBYdzbGP45eLw1vr3zB3vZLeyed1sC9hnbcOc9/SrMyM5RPQrkGz4aS9Zow==
  dependencies:
    is-glob "^4.0.1"

has-flag@^3.0.0:
  version "3.0.0"
  resolved "https://registry.yarnpkg.com/has-flag/-/has-flag-3.0.0.tgz#b5d454dc2199ae225699f3467e5a07f3b955bafd"
  integrity sha512-sKJf1+ceQBr4SMkvQnBDNDtf4TXpVhVGateu0t918bl30FnbE2m4vNLX+VWe/dpjlb+HugGYzW7uQXH98HPEYw==

he@1.2.0:
  version "1.2.0"
  resolved "https://registry.yarnpkg.com/he/-/he-1.2.0.tgz#84ae65fa7eafb165fddb61566ae14baf05664f0f"
  integrity sha512-F/1DnUGPopORZi0ni+CvrCgHQ5FyEAHRLSApuYWMmrbSwoN2Mn/7k+Gl38gJnR7yyDZk6WLXwiGod1JOWNDKGw==

header-range-parser@1.1.3, header-range-parser@^1.1.3:
  version "1.1.3"
  resolved "https://registry.yarnpkg.com/header-range-parser/-/header-range-parser-1.1.3.tgz#6414b5b12e3b645d29d85225a58fd207d66d30ef"
  integrity sha512-B9zCFt3jH8g09LR1vHL4pcAn8yMEtlSlOUdQemzHMRKMImNIhhszdeosYFfNW0WXKQtXIlWB+O4owHJKvEJYaA==

ignore-by-default@^1.0.1:
  version "1.0.1"
  resolved "https://registry.yarnpkg.com/ignore-by-default/-/ignore-by-default-1.0.1.tgz#48ca6d72f6c6a3af00a9ad4ae6876be3889e2b09"
  integrity sha512-Ius2VYcGNk7T90CppJqcIkS5ooHUZyIQK+ClZfMfMNFEF9VSE73Fq+906u/CWu92x4gzZMWOwfFYckPObzdEbA==

ipaddr.js@^2.0.1:
  version "2.0.1"
  resolved "https://registry.yarnpkg.com/ipaddr.js/-/ipaddr.js-2.0.1.tgz#eca256a7a877e917aeb368b0a7497ddf42ef81c0"
  integrity sha512-1qTgH9NG+IIJ4yfKs2e6Pp1bZg8wbDbKHT21HrLIeYBTRLgMYKnMTPAuI3Lcs61nfx5h1xlXnbJtH1kX5/d/ng==

is-binary-path@~2.1.0:
  version "2.1.0"
  resolved "https://registry.yarnpkg.com/is-binary-path/-/is-binary-path-2.1.0.tgz#ea1f7f3b80f064236e83470f86c09c254fb45b09"
  integrity sha512-ZMERYes6pDydyuGidse7OsHxtbI7WVeUEozgR/g7rd0xUimYNlvZRE/K2MgZTjWy725IfelLeVcEM97mmtRGXw==
  dependencies:
    binary-extensions "^2.0.0"

is-extglob@^2.1.1:
  version "2.1.1"
  resolved "https://registry.yarnpkg.com/is-extglob/-/is-extglob-2.1.1.tgz#a88c02535791f02ed37c76a1b9ea9773c833f8c2"
  integrity sha512-SbKbANkN603Vi4jEZv49LeVJMn4yGwsbzZworEoyEiutsN3nJYdbO36zfhGJ6QEDpOZIFkDtnq5JRxmvl3jsoQ==

is-glob@^4.0.1, is-glob@~4.0.1:
  version "4.0.3"
  resolved "https://registry.yarnpkg.com/is-glob/-/is-glob-4.0.3.tgz#64f61e42cbbb2eec2071a9dac0b28ba1e65d5084"
  integrity sha512-xelSayHH36ZgE7ZWhli7pW34hNbNl8Ojv5KVmkJD4hBdD3th8Tfk9vYasLM+mXWOZhFkgZfxhLSnrwRr4elSSg==
  dependencies:
    is-extglob "^2.1.1"

is-number@^7.0.0:
  version "7.0.0"
  resolved "https://registry.yarnpkg.com/is-number/-/is-number-7.0.0.tgz#7535345b896734d5f80c4d06c50955527a14f12b"
  integrity sha512-41Cifkg6e8TylSpdtTpeLVMqvSBEVzTttHvERD741+pnZ8ANv0004MRL43QKPDlK9cGvNp6NZWZUBlbGXYxxng==

make-error@^1.1.1:
  version "1.3.6"
  resolved "https://registry.yarnpkg.com/make-error/-/make-error-1.3.6.tgz#2eb2e37ea9b67c4891f684a1394799af484cf7a2"
  integrity sha512-s8UhlNe7vPKomQhC1qFelMokr/Sc3AgNbso3n74mVPA5LTZwkB9NlXf4XPamLxJE8h0gh73rM94xvwRT2CVInw==

mime-db@^1.50.0:
  version "1.52.0"
  resolved "https://registry.yarnpkg.com/mime-db/-/mime-db-1.52.0.tgz#bbabcdc02859f4987301c856e3387ce5ec43bf70"
  integrity sha512-sPU4uV7dYlvtWJxwwxHD0PuihVNiE7TyAbQ5SWxDCB9mUYvOgroQOwYQQOKPJ8CIbE+1ETVlOoK1UC2nU3gYvg==

minimatch@^3.0.4:
  version "3.1.2"
  resolved "https://registry.yarnpkg.com/minimatch/-/minimatch-3.1.2.tgz#19cd194bfd3e428f049a70817c038d89ab4be35b"
  integrity sha512-J7p63hRiAjw1NDEww1W7i37+ByIrOWO5XQQAzZ3VOcL0PNybwpfmV/N05zFAzwQ9USyEcX6t3UO+K5aqBQOIHw==
  dependencies:
    brace-expansion "^1.1.7"

ms@2.0.0:
  version "2.0.0"
  resolved "https://registry.yarnpkg.com/ms/-/ms-2.0.0.tgz#5608aeadfc00be6c2901df5f9861788de0d597c8"
  integrity sha512-Tpp60P6IUJDTuOq/5Z8cdskzJujfwqfOTkrwIwj7IRISpnkJnT6SyJ4PCPnGMoFjC9ddhal5KVIYtAt97ix05A==

ms@^2.1.1:
  version "2.1.3"
  resolved "https://registry.yarnpkg.com/ms/-/ms-2.1.3.tgz#574c8138ce1d2b5861f0b44579dbadd60c6615b2"
  integrity sha512-6FlzubTLZG3J2a/NVCAleEhjzq5oxgHyaCU9yYXvcLsvoVaHJq/s5xXI6/XXP6tz7R9xAOtHnSO/tXtF3WRTlA==

negotiator@^0.6.2:
  version "0.6.3"
  resolved "https://registry.yarnpkg.com/negotiator/-/negotiator-0.6.3.tgz#58e323a72fedc0d6f9cd4d31fe49f51479590ccd"
  integrity sha512-+EUsqGPLsM+j/zdChZjsnX51g4XrHFOIXwfnCVPGlQk/k5giakcKsuxCObBRu6DSm9opw/O6slWbJdghQM4bBg==

node-domexception@^1.0.0:
  version "1.0.0"
  resolved "https://registry.yarnpkg.com/node-domexception/-/node-domexception-1.0.0.tgz#6888db46a1f71c0b76b3f7555016b63fe64766e5"
  integrity sha512-/jKZoMpw0F8GRwl4/eLROPA3cfcXtLApP0QzLmUT/HuPCZWyB7IY9ZrMeKw2O/nFIqPQB3PVM9aYm0F312AXDQ==

node-fetch@^3.2.9:
  version "3.2.9"
  resolved "https://registry.yarnpkg.com/node-fetch/-/node-fetch-3.2.9.tgz#3f6070bf854de20f21b9fe8479f823462e615d7d"
  integrity sha512-/2lI+DBecVvVm9tDhjziTVjo2wmTsSxSk58saUYP0P/fRJ3xxtfMDY24+CKTkfm0Dlhyn3CSXNL0SoRiCZ8Rzg==
  dependencies:
    data-uri-to-buffer "^4.0.0"
    fetch-blob "^3.1.4"
    formdata-polyfill "^4.0.10"

node-html-parser@^5.1.0:
  version "5.1.0"
  resolved "https://registry.yarnpkg.com/node-html-parser/-/node-html-parser-5.1.0.tgz#753f5a60cdfe6d027c15857cb817df592c18c998"
  integrity sha512-l6C1Gf1o7YuxeMGa17PypEez/rj+ii3q4/NZG37nRmWSLDjHyB0WNrlE4h2UW92D0JSfUSfu+lOvxThttVe7Jw==
  dependencies:
    css-select "^4.1.3"
    he "1.2.0"

nodemon@^2.0.19:
  version "2.0.19"
  resolved "https://registry.yarnpkg.com/nodemon/-/nodemon-2.0.19.tgz#cac175f74b9cb8b57e770d47841995eebe4488bd"
  integrity sha512-4pv1f2bMDj0Eeg/MhGqxrtveeQ5/G/UVe9iO6uTZzjnRluSA4PVWf8CW99LUPwGB3eNIA7zUFoP77YuI7hOc0A==
  dependencies:
    chokidar "^3.5.2"
    debug "^3.2.7"
    ignore-by-default "^1.0.1"
    minimatch "^3.0.4"
    pstree.remy "^1.1.8"
    semver "^5.7.1"
    simple-update-notifier "^1.0.7"
    supports-color "^5.5.0"
    touch "^3.1.0"
    undefsafe "^2.0.5"

nopt@~1.0.10:
  version "1.0.10"
  resolved "https://registry.yarnpkg.com/nopt/-/nopt-1.0.10.tgz#6ddd21bd2a31417b92727dd585f8a6f37608ebee"
  integrity sha512-NWmpvLSqUrgrAC9HCuxEvb+PSloHpqVu+FqcO4eeF2h5qYRhA7ev6KvelyQAKtegUbC6RypJnlEOhd8vloNKYg==
  dependencies:
    abbrev "1"

normalize-path@^3.0.0, normalize-path@~3.0.0:
  version "3.0.0"
  resolved "https://registry.yarnpkg.com/normalize-path/-/normalize-path-3.0.0.tgz#0dcd69ff23a1c9b11fd0978316644a0388216a65"
  integrity sha512-6eZs5Ls3WtCisHWp9S2GUy8dqkpGi4BVSz3GaqiE6ezub0512ESztXUwUB6C6IKbQkY2Pnb/mD4WYojCRwcwLA==

nth-check@^2.0.0:
  version "2.0.1"
  resolved "https://registry.yarnpkg.com/nth-check/-/nth-check-2.0.1.tgz#2efe162f5c3da06a28959fbd3db75dbeea9f0fc2"
  integrity sha512-it1vE95zF6dTT9lBsYbxvqh0Soy4SPowchj0UBGj/V6cTPnXXtQOPUbhZ6CmGzAD/rW22LQK6E96pcdJXk4A4w==
  dependencies:
    boolbase "^1.0.0"

on-finished@~2.3.0:
  version "2.3.0"
  resolved "https://registry.yarnpkg.com/on-finished/-/on-finished-2.3.0.tgz#20f1336481b083cd75337992a16971aa2d906947"
  integrity sha512-ikqdkGAAyf/X/gPhXGvfgAytDZtDbr+bkNUJ0N9h5MI/dmdgCs3l6hoHrcUv41sRKew3jIwrp4qQDXiK99Utww==
  dependencies:
    ee-first "1.1.1"

picomatch@^2.0.4, picomatch@^2.2.1:
  version "2.3.1"
  resolved "https://registry.yarnpkg.com/picomatch/-/picomatch-2.3.1.tgz#3ba3833733646d9d3e4995946c1365a67fb07a42"
  integrity sha512-JU3teHTNjmE2VCGFzuY8EXzCDVwEqB2a8fsIvwaStHhAWJEeVd1o1QD80CU6+ZdEXXSLbSsuLwJjkCBWqRQUVA==

pstree.remy@^1.1.8:
  version "1.1.8"
  resolved "https://registry.yarnpkg.com/pstree.remy/-/pstree.remy-1.1.8.tgz#c242224f4a67c21f686839bbdb4ac282b8373d3a"
  integrity sha512-77DZwxQmxKnu3aR542U+X8FypNzbfJ+C5XQDk3uWjWxn6151aIMGthWYRXTqT1E5oJvg+ljaa2OJi+VfvCOQ8w==

readdirp@~3.6.0:
  version "3.6.0"
  resolved "https://registry.yarnpkg.com/readdirp/-/readdirp-3.6.0.tgz#74a370bd857116e245b29cc97340cd431a02a6c7"
  integrity sha512-hOS089on8RduqdbhvQ5Z37A0ESjsqz6qnRcffsMU3495FuTdqSm+7bhJ29JvIOsBDEEnan5DPu9t3To9VRlMzA==
  dependencies:
    picomatch "^2.2.1"

regexparam@^2.0.0:
  version "2.0.1"
  resolved "https://registry.yarnpkg.com/regexparam/-/regexparam-2.0.1.tgz#c912f5dae371e3798100b3c9ce22b7414d0889fa"
  integrity sha512-zRgSaYemnNYxUv+/5SeoHI0eJIgTL/A2pUtXUPLHQxUldagouJ9p+K6IbIZ/JiQuCEv2E2B1O11SjVQy3aMCkw==

safejson@~1.0.1:
  version "1.0.1"
  resolved "https://registry.yarnpkg.com/safejson/-/safejson-1.0.1.tgz#5bcbb9533b96fce10e6356f420017c16a4f9c998"
  integrity sha512-zA9/hFAapX0eNFxuYRC2tTc7X22YjNyrTTBZjWZZPGprZdbRzwJ8QO+YUlUEF3B1kzSMun1/q9tWfrR1+W4Rtw==

semver@^5.7.1:
  version "5.7.1"
  resolved "https://registry.yarnpkg.com/semver/-/semver-5.7.1.tgz#a954f931aeba508d307bbf069eff0c01c96116f7"
  integrity sha512-sauaDf/PZdVgrLTNYHRtpXa1iRiKcaebiKQ1BJdpQlWH2lCvexQdX55snPFyK7QzpudqbCI0qXFfOasHdyNDGQ==

semver@~7.0.0:
  version "7.0.0"
  resolved "https://registry.yarnpkg.com/semver/-/semver-7.0.0.tgz#5f3ca35761e47e05b206c6daff2cf814f0316b8e"
  integrity sha512-+GB6zVA9LWh6zovYQLALHwv5rb2PHGlJi3lfiqIHxR0uuwCgefcOJc59v9fv1w8GbStwxuuqqAjI9NMAOOgq1A==

simple-update-notifier@^1.0.7:
  version "1.0.7"
  resolved "https://registry.yarnpkg.com/simple-update-notifier/-/simple-update-notifier-1.0.7.tgz#7edf75c5bdd04f88828d632f762b2bc32996a9cc"
  integrity sha512-BBKgR84BJQJm6WjWFMHgLVuo61FBDSj1z/xSFUIozqO6wO7ii0JxCqlIud7Enr/+LhlbNI0whErq96P2qHNWew==
  dependencies:
    semver "~7.0.0"

supports-color@^5.5.0:
  version "5.5.0"
  resolved "https://registry.yarnpkg.com/supports-color/-/supports-color-5.5.0.tgz#e2e69a44ac8772f78a1ec0b35b689df6530efc8f"
  integrity sha512-QjVjwdXIt408MIiAqCX4oUKsgU2EqAGzs2Ppkm4aQYbjm+ZEWEcW4SfFNTr4uMNZma0ey4f5lgLrkB0aX0QMow==
  dependencies:
    has-flag "^3.0.0"

timestring@~5.0.0:
  version "5.0.1"
  resolved "https://registry.yarnpkg.com/timestring/-/timestring-5.0.1.tgz#065bd9dda1bcaf7c08ec9a4841569d3bbbb6cf87"
  integrity sha512-0VfOVpaTYqBMTEpjwcY5mB+72YYjFI44Z5F2q80ZiIyDn5pRJm+rEV1OEM8xfnf5/FdtckcrTERTp9TbrlMMHw==

to-regex-range@^5.0.1:
  version "5.0.1"
  resolved "https://registry.yarnpkg.com/to-regex-range/-/to-regex-range-5.0.1.tgz#1648c44aae7c8d988a326018ed72f5b4dd0392e4"
  integrity sha512-65P7iz6X5yEr1cwcgvQxbbIw7Uk3gOy5dIdtZ4rDveLqhrdJP+Li/Hx6tyK0NEb+2GCyneCMJiGqrADCSNk8sQ==
  dependencies:
    is-number "^7.0.0"

touch@^3.1.0:
  version "3.1.0"
  resolved "https://registry.yarnpkg.com/touch/-/touch-3.1.0.tgz#fe365f5f75ec9ed4e56825e0bb76d24ab74af83b"
  integrity sha512-WBx8Uy5TLtOSRtIq+M03/sKDrXCLHxwDcquSP2c43Le03/9serjQBIztjRz6FkJez9D/hleyAXTBGLwwZUw9lA==
  dependencies:
    nopt "~1.0.10"

ts-node@^10.7.0:
  version "10.7.0"
  resolved "https://registry.yarnpkg.com/ts-node/-/ts-node-10.7.0.tgz#35d503d0fab3e2baa672a0e94f4b40653c2463f5"
  integrity sha512-TbIGS4xgJoX2i3do417KSaep1uRAW/Lu+WAL2doDHC0D6ummjirVOXU5/7aiZotbQ5p1Zp9tP7U6cYhA0O7M8A==
  dependencies:
    "@cspotcode/source-map-support" "0.7.0"
    "@tsconfig/node10" "^1.0.7"
    "@tsconfig/node12" "^1.0.7"
    "@tsconfig/node14" "^1.0.0"
    "@tsconfig/node16" "^1.0.2"
    acorn "^8.4.1"
    acorn-walk "^8.1.1"
    arg "^4.1.0"
    create-require "^1.1.0"
    diff "^4.0.1"
    make-error "^1.1.1"
    v8-compile-cache-lib "^3.0.0"
    yn "3.1.1"

typescript@^4.6.2:
  version "4.6.2"
  resolved "https://registry.yarnpkg.com/typescript/-/typescript-4.6.2.tgz#fe12d2727b708f4eef40f51598b3398baa9611d4"
  integrity sha512-HM/hFigTBHZhLXshn9sN37H085+hQGeJHJ/X7LpBWLID/fbc2acUMfU+lGD98X81sKP+pFa9f0DZmCwB9GnbAg==

undefsafe@^2.0.5:
  version "2.0.5"
  resolved "https://registry.yarnpkg.com/undefsafe/-/undefsafe-2.0.5.tgz#38733b9327bdcd226db889fb723a6efd162e6e2c"
  integrity sha512-WxONCrssBM8TSPRqN5EmsjVrsv4A8X12J4ArBiiayv3DyyG3ZlIg6yysuuSYdZsVz3TKcTg2fd//Ujd4CHV1iA==

v8-compile-cache-lib@^3.0.0:
  version "3.0.0"
  resolved "https://registry.yarnpkg.com/v8-compile-cache-lib/-/v8-compile-cache-lib-3.0.0.tgz#0582bcb1c74f3a2ee46487ceecf372e46bce53e8"
  integrity sha512-mpSYqfsFvASnSn5qMiwrr4VKfumbPyONLCOPmsR3A6pTY/r0+tSaVbgPWSAIuzbk3lCTa+FForeTiO+wBQGkjA==

verror@~1.10.0:
  version "1.10.1"
  resolved "https://registry.yarnpkg.com/verror/-/verror-1.10.1.tgz#4bf09eeccf4563b109ed4b3d458380c972b0cdeb"
  integrity sha512-veufcmxri4e3XSrT0xwfUR7kguIkaxBeosDg00yDWhk49wdwkSUrvvsm7nc75e1PUyvIeZj6nS8VQRYz2/S4Xg==
  dependencies:
    assert-plus "^1.0.0"
    core-util-is "1.0.2"
    extsprintf "^1.2.0"

verror@~1.6.1:
  version "1.6.1"
  resolved "https://registry.yarnpkg.com/verror/-/verror-1.6.1.tgz#236402060648c219d1162c2451d1c341a0e1c9ce"
  integrity sha512-XPWRmzTdDyQm8sDw2WsJAF+nG+FI8nB/mdbPvN1WRe32YiEyiQwCPBshpb+fYfQTyTJSIr3aTEdlqGGfoUcLiA==
  dependencies:
    core-util-is "1.0.2"
    extsprintf "1.2.0"

web-streams-polyfill@^3.0.3:
  version "3.2.1"
  resolved "https://registry.yarnpkg.com/web-streams-polyfill/-/web-streams-polyfill-3.2.1.tgz#71c2718c52b45fd49dbeee88634b3a60ceab42a6"
  integrity sha512-e0MO3wdXWKrLbL0DgGnUV7WHVuw9OUvL4hjgnPkIeEvESk74gAITi5G606JtZPp39cd8HA9VQzCIvA49LpPN5Q==

yn@3.1.1:
  version "3.1.1"
  resolved "https://registry.yarnpkg.com/yn/-/yn-3.1.1.tgz#1e87401a09d767c1d5eab26a6e4c185182d2eb50"
  integrity sha512-Ux4ygGWsu2c7isFWe8Yu1YluJmqVhxqK2cLXNQA5AcC3QfbGNpM7fu0Y8b/z16pXLnFxZYvWhd3fhBY9DLmC6Q==
